
Microsoft Visual Studio Solution File, Format Version 12.00
# Visual Studio Version 16
VisualStudioVersion = 16.0.31402.337
MinimumVisualStudioVersion = 10.0.40219.1
Project("{9A19103F-16F7-4668-BE54-9A1E7A4F7556}") = "CV19", "CV19\CV19.csproj", "{EF08EAEF-EB25-4CA7-8563-11035273887F}"
EndProject
Project("{9A19103F-16F7-4668-BE54-9A1E7A4F7556}") = "CV19Console", "Tests\CV19Console\CV19Console.csproj", "{107B0931-54D9-49D7-B3A4-B0D31C58FAD3}"
EndProject
Project("{9A19103F-16F7-4668-BE54-9A1E7A4F7556}") = "CV19WPFTest", "Tests\CV19WPFTest\CV19WPFTest.csproj", "{AC37F270-B069-4EE9-95BE-7A618BE08043}"
EndProject
Project("{2150E333-8FDC-42A3-9474-1A3956D46DE8}") = "Tests", "Tests", "{EEFB25F9-E5E0-4582-BA20-E575149CAAF4}"
EndProject
Project("{FAE04EC0-301F-11D3-BF4B-00C04F79EFBC}") = "TestLib", "Tests\TestLib\TestLib.csproj", "{A7256538-8434-434A-8249-B48E320E1CDE}"
EndProject
Project("{FAE04EC0-301F-11D3-BF4B-00C04F79EFBC}") = "TestLibFramework", "Tests\TestLibFramework\TestLibFramework.csproj", "{EE2812A1-BE1A-4EEB-8225-2FAFE6C37D4C}"
EndProject
Global
	GlobalSection(SolutionConfigurationPlatforms) = preSolution
		Debug|Any CPU = Debug|Any CPU
		Release|Any CPU = Release|Any CPU
	EndGlobalSection
	GlobalSection(ProjectConfigurationPlatforms) = postSolution
		{EF08EAEF-EB25-4CA7-8563-11035273887F}.Debug|Any CPU.ActiveCfg = Debug|Any CPU
		{EF08EAEF-EB25-4CA7-8563-11035273887F}.Debug|Any CPU.Build.0 = Debug|Any CPU
		{EF08EAEF-EB25-4CA7-8563-11035273887F}.Release|Any CPU.ActiveCfg = Release|Any CPU
		{EF08EAEF-EB25-4CA7-8563-11035273887F}.Release|Any CPU.Build.0 = Release|Any CPU
		{107B0931-54D9-49D7-B3A4-B0D31C58FAD3}.Debug|Any CPU.ActiveCfg = Debug|Any CPU
		{107B0931-54D9-49D7-B3A4-B0D31C58FAD3}.Debug|Any CPU.Build.0 = Debug|Any CPU
		{107B0931-54D9-49D7-B3A4-B0D31C58FAD3}.Release|Any CPU.ActiveCfg = Release|Any CPU
		{107B0931-54D9-49D7-B3A4-B0D31C58FAD3}.Release|Any CPU.Build.0 = Release|Any CPU
		{AC37F270-B069-4EE9-95BE-7A618BE08043}.Debug|Any CPU.ActiveCfg = Debug|Any CPU
		{AC37F270-B069-4EE9-95BE-7A618BE08043}.Debug|Any CPU.Build.0 = Debug|Any CPU
		{AC37F270-B069-4EE9-95BE-7A618BE08043}.Release|Any CPU.ActiveCfg = Release|Any CPU
		{AC37F270-B069-4EE9-95BE-7A618BE08043}.Release|Any CPU.Build.0 = Release|Any CPU
		{A7256538-8434-434A-8249-B48E320E1CDE}.Debug|Any CPU.ActiveCfg = Debug|Any CPU
		{A7256538-8434-434A-8249-B48E320E1CDE}.Debug|Any CPU.Build.0 = Debug|Any CPU
		{A7256538-8434-434A-8249-B48E320E1CDE}.Release|Any CPU.ActiveCfg = Release|Any CPU
		{A7256538-8434-434A-8249-B48E320E1CDE}.Release|Any CPU.Build.0 = Release|Any CPU
		{EE2812A1-BE1A-4EEB-8225-2FAFE6C37D4C}.Debug|Any CPU.ActiveCfg = Debug|Any CPU
		{EE2812A1-BE1A-4EEB-8225-2FAFE6C37D4C}.Debug|Any CPU.Build.0 = Debug|Any CPU
		{EE2812A1-BE1A-4EEB-8225-2FAFE6C37D4C}.Release|Any CPU.ActiveCfg = Release|Any CPU
		{EE2812A1-BE1A-4EEB-8225-2FAFE6C37D4C}.Release|Any CPU.Build.0 = Release|Any CPU
	EndGlobalSection
	GlobalSection(SolutionProperties) = preSolution
		HideSolutionNode = FALSE
	EndGlobalSection
	GlobalSection(NestedProjects) = preSolution
		{107B0931-54D9-49D7-B3A4-B0D31C58FAD3} = {EEFB25F9-E5E0-4582-BA20-E575149CAAF4}
		{AC37F270-B069-4EE9-95BE-7A618BE08043} = {EEFB25F9-E5E0-4582-BA20-E575149CAAF4}
		{A7256538-8434-434A-8249-B48E320E1CDE} = {EEFB25F9-E5E0-4582-BA20-E575149CAAF4}
		{EE2812A1-BE1A-4EEB-8225-2FAFE6C37D4C} = {EEFB25F9-E5E0-4582-BA20-E575149CAAF4}
	EndGlobalSection
	GlobalSection(ExtensibilityGlobals) = postSolution
		SolutionGuid = {B0B79FD4-FEFD-4F97-81AD-F2EEBEF6B5DA}
	EndGlobalSection
EndGlobal
